
Microsoft Visual Studio Solution File, Format Version 12.00
# Visual Studio Version 16
VisualStudioVersion = 16.0.29709.97
MinimumVisualStudioVersion = 10.0.40219.1
Project("{2150E333-8FDC-42A3-9474-1A3956D46DE8}") = "SolutionItems", "SolutionItems", "{6B24AFD0-EF34-4FA8-B97A-CF69EDCFCEF7}"
	ProjectSection(SolutionItems) = preProject
		SolutionItems\Script.sql = SolutionItems\Script.sql
	EndProjectSection
EndProject
Project("{2150E333-8FDC-42A3-9474-1A3956D46DE8}") = "Source", "Source", "{0E144037-816A-4E77-8BDB-7FB86A89A132}"
EndProject
Project("{2150E333-8FDC-42A3-9474-1A3956D46DE8}") = "Tests", "Tests", "{17C17D35-AFBE-4F03-B064-447591B0B9CC}"
EndProject
Project("{2150E333-8FDC-42A3-9474-1A3956D46DE8}") = "Common", "Common", "{40455DE5-45B9-4DD1-BAD4-8E56629E678E}"
EndProject
Project("{2150E333-8FDC-42A3-9474-1A3956D46DE8}") = "Domain", "Domain", "{6573200F-B101-4D98-8C22-D662E6DE05F3}"
EndProject
Project("{2150E333-8FDC-42A3-9474-1A3956D46DE8}") = "DataAccess", "DataAccess", "{FF399887-6654-44A9-9456-26D84F2F62AA}"
EndProject
Project("{2150E333-8FDC-42A3-9474-1A3956D46DE8}") = "Services", "Services", "{56213375-E65C-42E7-9D8C-47F56E55A6E8}"
EndProject
Project("{2150E333-8FDC-42A3-9474-1A3956D46DE8}") = "API", "API", "{88E5FE70-D75E-45A2-A1B5-ED2B018F7619}"
EndProject
Project("{2150E333-8FDC-42A3-9474-1A3956D46DE8}") = "UI", "UI", "{563135D0-9CEB-4131-A236-E1C618C655C9}"
EndProject
Global
	GlobalSection(SolutionProperties) = preSolution
		HideSolutionNode = FALSE
	EndGlobalSection
	GlobalSection(NestedProjects) = preSolution
		{40455DE5-45B9-4DD1-BAD4-8E56629E678E} = {0E144037-816A-4E77-8BDB-7FB86A89A132}
		{6573200F-B101-4D98-8C22-D662E6DE05F3} = {0E144037-816A-4E77-8BDB-7FB86A89A132}
		{FF399887-6654-44A9-9456-26D84F2F62AA} = {0E144037-816A-4E77-8BDB-7FB86A89A132}
		{56213375-E65C-42E7-9D8C-47F56E55A6E8} = {0E144037-816A-4E77-8BDB-7FB86A89A132}
		{88E5FE70-D75E-45A2-A1B5-ED2B018F7619} = {0E144037-816A-4E77-8BDB-7FB86A89A132}
		{563135D0-9CEB-4131-A236-E1C618C655C9} = {0E144037-816A-4E77-8BDB-7FB86A89A132}
	EndGlobalSection
	GlobalSection(ExtensibilityGlobals) = postSolution
		SolutionGuid = {D16EB722-3453-4D69-87EE-830B588E883D}
	EndGlobalSection
EndGlobal
