
Microsoft Visual Studio Solution File, Format Version 12.00
# Visual Studio Version 16
VisualStudioVersion = 16.0.29709.97
MinimumVisualStudioVersion = 10.0.40219.1
Project("{2150E333-8FDC-42A3-9474-1A3956D46DE8}") = "SolutionItems", "SolutionItems", "{6B24AFD0-EF34-4FA8-B97A-CF69EDCFCEF7}"
	ProjectSection(SolutionItems) = preProject
		SolutionItems\Script.sql = SolutionItems\Script.sql
	EndProjectSection
EndProject
Project("{2150E333-8FDC-42A3-9474-1A3956D46DE8}") = "Source", "Source", "{0E144037-816A-4E77-8BDB-7FB86A89A132}"
EndProject
Project("{2150E333-8FDC-42A3-9474-1A3956D46DE8}") = "Tests", "Tests", "{17C17D35-AFBE-4F03-B064-447591B0B9CC}"
EndProject
Project("{2150E333-8FDC-42A3-9474-1A3956D46DE8}") = "Common", "Common", "{40455DE5-45B9-4DD1-BAD4-8E56629E678E}"
EndProject
Project("{2150E333-8FDC-42A3-9474-1A3956D46DE8}") = "Domain", "Domain", "{6573200F-B101-4D98-8C22-D662E6DE05F3}"
EndProject
Project("{2150E333-8FDC-42A3-9474-1A3956D46DE8}") = "DataAccess", "DataAccess", "{FF399887-6654-44A9-9456-26D84F2F62AA}"
EndProject
Project("{2150E333-8FDC-42A3-9474-1A3956D46DE8}") = "Services", "Services", "{56213375-E65C-42E7-9D8C-47F56E55A6E8}"
EndProject
Project("{2150E333-8FDC-42A3-9474-1A3956D46DE8}") = "API", "API", "{88E5FE70-D75E-45A2-A1B5-ED2B018F7619}"
EndProject
Project("{2150E333-8FDC-42A3-9474-1A3956D46DE8}") = "UI", "UI", "{563135D0-9CEB-4131-A236-E1C618C655C9}"
EndProject
Project("{2150E333-8FDC-42A3-9474-1A3956D46DE8}") = "Others", "Others", "{09F5CB86-B496-4046-A96C-7E37085F7355}"
EndProject
Project("{9A19103F-16F7-4668-BE54-9A1E7A4F7556}") = "DsuDev.ProductsServer.Common", "Source\Common\DsuDev.ProductsServer.Common.csproj", "{8A6721E3-BD29-4048-85CD-0A7499263E7D}"
EndProject
Project("{9A19103F-16F7-4668-BE54-9A1E7A4F7556}") = "DsuDev.ProductsServer.Domain", "Source\Domain\DsuDev.ProductsServer.Domain.csproj", "{618E32A8-AA6B-4D55-B464-1863898B2ED6}"
EndProject
Project("{9A19103F-16F7-4668-BE54-9A1E7A4F7556}") = "DsuDev.ProductsServer.DataAccess", "Source\DataAccess\DsuDev.ProductsServer.DataAccess.csproj", "{88F69AA8-7ED6-4B03-87C0-713D19052E18}"
EndProject
Project("{9A19103F-16F7-4668-BE54-9A1E7A4F7556}") = "DsuDev.ProductsServer.Services", "Source\Services\DsuDev.ProductsServer.Services.csproj", "{574F5C40-CB6B-4010-AD00-B8B25985FF4D}"
EndProject
Project("{9A19103F-16F7-4668-BE54-9A1E7A4F7556}") = "DsuDev.ProductsServer.Common.Tools", "Source\Common.Tools\DsuDev.ProductsServer.Common.Tools.csproj", "{337841BC-1238-4F39-B691-F08FF91BA30C}"
EndProject
Project("{9A19103F-16F7-4668-BE54-9A1E7A4F7556}") = "DsuDev.ProductsServer.API", "Source\API\DsuDev.ProductsServer.API.csproj", "{126873FB-5F29-4165-BFA4-3330C54E5202}"
EndProject
Global
	GlobalSection(SolutionConfigurationPlatforms) = preSolution
		Debug|Any CPU = Debug|Any CPU
		Release|Any CPU = Release|Any CPU
	EndGlobalSection
	GlobalSection(ProjectConfigurationPlatforms) = postSolution
		{8A6721E3-BD29-4048-85CD-0A7499263E7D}.Debug|Any CPU.ActiveCfg = Debug|Any CPU
		{8A6721E3-BD29-4048-85CD-0A7499263E7D}.Debug|Any CPU.Build.0 = Debug|Any CPU
		{8A6721E3-BD29-4048-85CD-0A7499263E7D}.Release|Any CPU.ActiveCfg = Release|Any CPU
		{8A6721E3-BD29-4048-85CD-0A7499263E7D}.Release|Any CPU.Build.0 = Release|Any CPU
		{618E32A8-AA6B-4D55-B464-1863898B2ED6}.Debug|Any CPU.ActiveCfg = Debug|Any CPU
		{618E32A8-AA6B-4D55-B464-1863898B2ED6}.Debug|Any CPU.Build.0 = Debug|Any CPU
		{618E32A8-AA6B-4D55-B464-1863898B2ED6}.Release|Any CPU.ActiveCfg = Release|Any CPU
		{618E32A8-AA6B-4D55-B464-1863898B2ED6}.Release|Any CPU.Build.0 = Release|Any CPU
		{88F69AA8-7ED6-4B03-87C0-713D19052E18}.Debug|Any CPU.ActiveCfg = Debug|Any CPU
		{88F69AA8-7ED6-4B03-87C0-713D19052E18}.Debug|Any CPU.Build.0 = Debug|Any CPU
		{88F69AA8-7ED6-4B03-87C0-713D19052E18}.Release|Any CPU.ActiveCfg = Release|Any CPU
		{88F69AA8-7ED6-4B03-87C0-713D19052E18}.Release|Any CPU.Build.0 = Release|Any CPU
		{574F5C40-CB6B-4010-AD00-B8B25985FF4D}.Debug|Any CPU.ActiveCfg = Debug|Any CPU
		{574F5C40-CB6B-4010-AD00-B8B25985FF4D}.Debug|Any CPU.Build.0 = Debug|Any CPU
		{574F5C40-CB6B-4010-AD00-B8B25985FF4D}.Release|Any CPU.ActiveCfg = Release|Any CPU
		{574F5C40-CB6B-4010-AD00-B8B25985FF4D}.Release|Any CPU.Build.0 = Release|Any CPU
		{337841BC-1238-4F39-B691-F08FF91BA30C}.Debug|Any CPU.ActiveCfg = Debug|Any CPU
		{337841BC-1238-4F39-B691-F08FF91BA30C}.Debug|Any CPU.Build.0 = Debug|Any CPU
		{337841BC-1238-4F39-B691-F08FF91BA30C}.Release|Any CPU.ActiveCfg = Release|Any CPU
		{337841BC-1238-4F39-B691-F08FF91BA30C}.Release|Any CPU.Build.0 = Release|Any CPU
		{126873FB-5F29-4165-BFA4-3330C54E5202}.Debug|Any CPU.ActiveCfg = Debug|Any CPU
		{126873FB-5F29-4165-BFA4-3330C54E5202}.Debug|Any CPU.Build.0 = Debug|Any CPU
		{126873FB-5F29-4165-BFA4-3330C54E5202}.Release|Any CPU.ActiveCfg = Release|Any CPU
		{126873FB-5F29-4165-BFA4-3330C54E5202}.Release|Any CPU.Build.0 = Release|Any CPU
	EndGlobalSection
	GlobalSection(SolutionProperties) = preSolution
		HideSolutionNode = FALSE
	EndGlobalSection
	GlobalSection(NestedProjects) = preSolution
		{40455DE5-45B9-4DD1-BAD4-8E56629E678E} = {0E144037-816A-4E77-8BDB-7FB86A89A132}
		{6573200F-B101-4D98-8C22-D662E6DE05F3} = {0E144037-816A-4E77-8BDB-7FB86A89A132}
		{FF399887-6654-44A9-9456-26D84F2F62AA} = {0E144037-816A-4E77-8BDB-7FB86A89A132}
		{56213375-E65C-42E7-9D8C-47F56E55A6E8} = {0E144037-816A-4E77-8BDB-7FB86A89A132}
		{88E5FE70-D75E-45A2-A1B5-ED2B018F7619} = {0E144037-816A-4E77-8BDB-7FB86A89A132}
		{563135D0-9CEB-4131-A236-E1C618C655C9} = {0E144037-816A-4E77-8BDB-7FB86A89A132}
		{8A6721E3-BD29-4048-85CD-0A7499263E7D} = {40455DE5-45B9-4DD1-BAD4-8E56629E678E}
		{618E32A8-AA6B-4D55-B464-1863898B2ED6} = {6573200F-B101-4D98-8C22-D662E6DE05F3}
		{88F69AA8-7ED6-4B03-87C0-713D19052E18} = {FF399887-6654-44A9-9456-26D84F2F62AA}
		{574F5C40-CB6B-4010-AD00-B8B25985FF4D} = {56213375-E65C-42E7-9D8C-47F56E55A6E8}
		{337841BC-1238-4F39-B691-F08FF91BA30C} = {40455DE5-45B9-4DD1-BAD4-8E56629E678E}
		{126873FB-5F29-4165-BFA4-3330C54E5202} = {88E5FE70-D75E-45A2-A1B5-ED2B018F7619}
	EndGlobalSection
	GlobalSection(ExtensibilityGlobals) = postSolution
		SolutionGuid = {D16EB722-3453-4D69-87EE-830B588E883D}
	EndGlobalSection
EndGlobal
