
Microsoft Visual Studio Solution File, Format Version 12.00
# Visual Studio 15
VisualStudioVersion = 15.0.27130.2036
MinimumVisualStudioVersion = 10.0.40219.1
Project("{2150E333-8FDC-42A3-9474-1A3956D46DE8}") = "server", "server", "{BD9CC961-7ECD-4044-9496-9EFFC88D0624}"
EndProject
Project("{FAE04EC0-301F-11D3-BF4B-00C04F79EFBC}") = "DsuDev.ProductsServerApi", "..\DsuDev.ProductsServerApi\DsuDev.ProductsServerApi.csproj", "{48FC0B8F-873E-42C9-992F-EAF4C0A90DD6}"
EndProject
Project("{FAE04EC0-301F-11D3-BF4B-00C04F79EFBC}") = "DsuDev.ProductsServerApi.Tests", "DsuDev.ProductsServerApi.Tests\DsuDev.ProductsServerApi.Tests.csproj", "{DFCB003A-91DF-4FA2-BA64-9A665F80ED8D}"
EndProject
Project("{2150E333-8FDC-42A3-9474-1A3956D46DE8}") = "others", "others", "{9D7FAF00-5655-439F-8CC9-4A30542BD97A}"
	ProjectSection(SolutionItems) = preProject
		Script.sql = Script.sql
	EndProjectSection
EndProject
Global
	GlobalSection(SolutionConfigurationPlatforms) = preSolution
		Debug|Any CPU = Debug|Any CPU
		Release|Any CPU = Release|Any CPU
	EndGlobalSection
	GlobalSection(ProjectConfigurationPlatforms) = postSolution
		{48FC0B8F-873E-42C9-992F-EAF4C0A90DD6}.Debug|Any CPU.ActiveCfg = Debug|Any CPU
		{48FC0B8F-873E-42C9-992F-EAF4C0A90DD6}.Debug|Any CPU.Build.0 = Debug|Any CPU
		{48FC0B8F-873E-42C9-992F-EAF4C0A90DD6}.Release|Any CPU.ActiveCfg = Release|Any CPU
		{48FC0B8F-873E-42C9-992F-EAF4C0A90DD6}.Release|Any CPU.Build.0 = Release|Any CPU
		{DFCB003A-91DF-4FA2-BA64-9A665F80ED8D}.Debug|Any CPU.ActiveCfg = Debug|Any CPU
		{DFCB003A-91DF-4FA2-BA64-9A665F80ED8D}.Debug|Any CPU.Build.0 = Debug|Any CPU
		{DFCB003A-91DF-4FA2-BA64-9A665F80ED8D}.Release|Any CPU.ActiveCfg = Release|Any CPU
		{DFCB003A-91DF-4FA2-BA64-9A665F80ED8D}.Release|Any CPU.Build.0 = Release|Any CPU
	EndGlobalSection
	GlobalSection(SolutionProperties) = preSolution
		HideSolutionNode = FALSE
	EndGlobalSection
	GlobalSection(NestedProjects) = preSolution
		{48FC0B8F-873E-42C9-992F-EAF4C0A90DD6} = {BD9CC961-7ECD-4044-9496-9EFFC88D0624}
		{DFCB003A-91DF-4FA2-BA64-9A665F80ED8D} = {BD9CC961-7ECD-4044-9496-9EFFC88D0624}
	EndGlobalSection
	GlobalSection(ExtensibilityGlobals) = postSolution
		SolutionGuid = {6D4A2618-10CE-4AEC-9B1F-4C4204B9F849}
	EndGlobalSection
EndGlobal
